
Microsoft Visual Studio Solution File, Format Version 12.00
# Visual Studio Version 17
VisualStudioVersion = 17.12.35527.113 d17.12
MinimumVisualStudioVersion = 10.0.40219.1
Project("{2150E333-8FDC-42A3-9474-1A3956D46DE8}") = "Src", "Src", "{92A426F4-9099-475A-B782-588D7320202A}"
EndProject
Project("{2150E333-8FDC-42A3-9474-1A3956D46DE8}") = "Doc", "Doc", "{BF008DD8-D277-4424-95F5-60FF8220581E}"
EndProject
Project("{2150E333-8FDC-42A3-9474-1A3956D46DE8}") = "Test", "Test", "{B649745A-E8DD-49A6-AF32-EFBBFE81C75B}"
EndProject
Project("{2150E333-8FDC-42A3-9474-1A3956D46DE8}") = "Common", "Common", "{3D85647C-2833-4C0D-A43B-144D81756704}"
EndProject
Project("{2150E333-8FDC-42A3-9474-1A3956D46DE8}") = "Core", "Core", "{430FA089-65BE-4EE8-B51F-9BA044DE85ED}"
EndProject
Project("{2150E333-8FDC-42A3-9474-1A3956D46DE8}") = "Infrastructure", "Infrastructure", "{EF86E07B-2332-480E-8D9C-5A97499311C8}"
EndProject
Project("{2150E333-8FDC-42A3-9474-1A3956D46DE8}") = "Presentation", "Presentation", "{CD89645E-8C83-4AFC-A641-4BC1E5B99833}"
EndProject
Project("{FAE04EC0-301F-11D3-BF4B-00C04F79EFBC}") = "PetShop.Common", "Src\Common\PetShop.Common\PetShop.Common.csproj", "{3DA45DB0-A3FF-42BA-B314-6D27033D7A56}"
EndProject
Project("{FAE04EC0-301F-11D3-BF4B-00C04F79EFBC}") = "PetShop.Domain", "Src\Domain\PetShop.Domain\PetShop.Domain.csproj", "{00F94DB3-A73B-45B0-95C6-228E0FC00C3B}"
EndProject
Project("{FAE04EC0-301F-11D3-BF4B-00C04F79EFBC}") = "PetShop.Application", "Src\Domain\PetShop.Application\PetShop.Application.csproj", "{4FA7CEB8-ECD3-4C02-8AF4-3658ABC45F0E}"
EndProject
Project("{FAE04EC0-301F-11D3-BF4B-00C04F79EFBC}") = "PetShop.Infrastructure", "Src\Infrastructure\PetShop.Infrastructure\PetShop.Infrastructure.csproj", "{0DA94F6F-05B5-417B-A511-E50D3C0E7F8E}"
EndProject
Project("{FAE04EC0-301F-11D3-BF4B-00C04F79EFBC}") = "PetShop.Persistence", "Src\Infrastructure\PetShop.Persistence\PetShop.Persistence.csproj", "{457816EB-4848-48D2-A1C5-C6361512D06B}"
EndProject
Project("{FAE04EC0-301F-11D3-BF4B-00C04F79EFBC}") = "EndPoint.Site", "Src\Presentation\EndPoint.Site\EndPoint.Site.csproj", "{1AAB6E0A-91D8-4CD0-91CB-C668E84320C1}"
EndProject
Global
	GlobalSection(SolutionConfigurationPlatforms) = preSolution
		Debug|Any CPU = Debug|Any CPU
		Release|Any CPU = Release|Any CPU
	EndGlobalSection
	GlobalSection(ProjectConfigurationPlatforms) = postSolution
		{3DA45DB0-A3FF-42BA-B314-6D27033D7A56}.Debug|Any CPU.ActiveCfg = Debug|Any CPU
		{3DA45DB0-A3FF-42BA-B314-6D27033D7A56}.Debug|Any CPU.Build.0 = Debug|Any CPU
		{3DA45DB0-A3FF-42BA-B314-6D27033D7A56}.Release|Any CPU.ActiveCfg = Release|Any CPU
		{3DA45DB0-A3FF-42BA-B314-6D27033D7A56}.Release|Any CPU.Build.0 = Release|Any CPU
		{00F94DB3-A73B-45B0-95C6-228E0FC00C3B}.Debug|Any CPU.ActiveCfg = Debug|Any CPU
		{00F94DB3-A73B-45B0-95C6-228E0FC00C3B}.Debug|Any CPU.Build.0 = Debug|Any CPU
		{00F94DB3-A73B-45B0-95C6-228E0FC00C3B}.Release|Any CPU.ActiveCfg = Release|Any CPU
		{00F94DB3-A73B-45B0-95C6-228E0FC00C3B}.Release|Any CPU.Build.0 = Release|Any CPU
		{4FA7CEB8-ECD3-4C02-8AF4-3658ABC45F0E}.Debug|Any CPU.ActiveCfg = Debug|Any CPU
		{4FA7CEB8-ECD3-4C02-8AF4-3658ABC45F0E}.Debug|Any CPU.Build.0 = Debug|Any CPU
		{4FA7CEB8-ECD3-4C02-8AF4-3658ABC45F0E}.Release|Any CPU.ActiveCfg = Release|Any CPU
		{4FA7CEB8-ECD3-4C02-8AF4-3658ABC45F0E}.Release|Any CPU.Build.0 = Release|Any CPU
		{0DA94F6F-05B5-417B-A511-E50D3C0E7F8E}.Debug|Any CPU.ActiveCfg = Debug|Any CPU
		{0DA94F6F-05B5-417B-A511-E50D3C0E7F8E}.Debug|Any CPU.Build.0 = Debug|Any CPU
		{0DA94F6F-05B5-417B-A511-E50D3C0E7F8E}.Release|Any CPU.ActiveCfg = Release|Any CPU
		{0DA94F6F-05B5-417B-A511-E50D3C0E7F8E}.Release|Any CPU.Build.0 = Release|Any CPU
		{457816EB-4848-48D2-A1C5-C6361512D06B}.Debug|Any CPU.ActiveCfg = Debug|Any CPU
		{457816EB-4848-48D2-A1C5-C6361512D06B}.Debug|Any CPU.Build.0 = Debug|Any CPU
		{457816EB-4848-48D2-A1C5-C6361512D06B}.Release|Any CPU.ActiveCfg = Release|Any CPU
		{457816EB-4848-48D2-A1C5-C6361512D06B}.Release|Any CPU.Build.0 = Release|Any CPU
		{1AAB6E0A-91D8-4CD0-91CB-C668E84320C1}.Debug|Any CPU.ActiveCfg = Debug|Any CPU
		{1AAB6E0A-91D8-4CD0-91CB-C668E84320C1}.Debug|Any CPU.Build.0 = Debug|Any CPU
		{1AAB6E0A-91D8-4CD0-91CB-C668E84320C1}.Release|Any CPU.ActiveCfg = Release|Any CPU
		{1AAB6E0A-91D8-4CD0-91CB-C668E84320C1}.Release|Any CPU.Build.0 = Release|Any CPU
	EndGlobalSection
	GlobalSection(SolutionProperties) = preSolution
		HideSolutionNode = FALSE
	EndGlobalSection
	GlobalSection(NestedProjects) = preSolution
		{3D85647C-2833-4C0D-A43B-144D81756704} = {92A426F4-9099-475A-B782-588D7320202A}
		{430FA089-65BE-4EE8-B51F-9BA044DE85ED} = {92A426F4-9099-475A-B782-588D7320202A}
		{EF86E07B-2332-480E-8D9C-5A97499311C8} = {92A426F4-9099-475A-B782-588D7320202A}
		{CD89645E-8C83-4AFC-A641-4BC1E5B99833} = {92A426F4-9099-475A-B782-588D7320202A}
		{3DA45DB0-A3FF-42BA-B314-6D27033D7A56} = {3D85647C-2833-4C0D-A43B-144D81756704}
		{00F94DB3-A73B-45B0-95C6-228E0FC00C3B} = {430FA089-65BE-4EE8-B51F-9BA044DE85ED}
		{4FA7CEB8-ECD3-4C02-8AF4-3658ABC45F0E} = {430FA089-65BE-4EE8-B51F-9BA044DE85ED}
		{0DA94F6F-05B5-417B-A511-E50D3C0E7F8E} = {EF86E07B-2332-480E-8D9C-5A97499311C8}
		{457816EB-4848-48D2-A1C5-C6361512D06B} = {EF86E07B-2332-480E-8D9C-5A97499311C8}
		{1AAB6E0A-91D8-4CD0-91CB-C668E84320C1} = {CD89645E-8C83-4AFC-A641-4BC1E5B99833}
	EndGlobalSection
EndGlobal
