
Microsoft Visual Studio Solution File, Format Version 12.00
# Visual Studio Version 17
VisualStudioVersion = 17.11.35327.3
MinimumVisualStudioVersion = 10.0.40219.1
Project("{2150E333-8FDC-42A3-9474-1A3956D46DE8}") = "Src", "Src", "{C4B4907C-0963-48C3-8950-D0B2C09F2DCA}"
EndProject
Project("{2150E333-8FDC-42A3-9474-1A3956D46DE8}") = "Doc", "Doc", "{C7EBB1B2-43AE-4FB2-AD16-7FE18F06E707}"
EndProject
Project("{2150E333-8FDC-42A3-9474-1A3956D46DE8}") = "Test", "Test", "{B281241D-7EAD-408F-A8C5-25061CDCF8AC}"
EndProject
Project("{2150E333-8FDC-42A3-9474-1A3956D46DE8}") = "PetShop.Common", "PetShop.Common", "{1BD3A040-05F1-483A-8FBA-D291C533E921}"
EndProject
Project("{FAE04EC0-301F-11D3-BF4B-00C04F79EFBC}") = "PetShop.Common", "Src\PetShop.Common\PetShop.Common\PetShop.Common.csproj", "{589BF680-2F54-4E0F-A874-61CE9FFCD696}"
EndProject
Project("{2150E333-8FDC-42A3-9474-1A3956D46DE8}") = "PetShop.Core", "PetShop.Core", "{FBC690B9-E338-4BDA-83BA-EF8DA2A877D8}"
EndProject
Project("{FAE04EC0-301F-11D3-BF4B-00C04F79EFBC}") = "PetShop.Domain", "Src\PetShop.Core\PetShop.Domain\PetShop.Domain.csproj", "{EF90063E-7751-481C-B29E-9F6200A7655B}"
EndProject
Project("{FAE04EC0-301F-11D3-BF4B-00C04F79EFBC}") = "PetShop.Application", "Src\PetShop.Core\PetShop.Application\PetShop.Application.csproj", "{214D9BFC-2FB6-43BB-9FB0-17FE4B1245C9}"
EndProject
Project("{2150E333-8FDC-42A3-9474-1A3956D46DE8}") = "PetShop.Infrastructure", "PetShop.Infrastructure", "{659BC092-ABB9-414C-8491-474C5E6508F0}"
EndProject
Project("{FAE04EC0-301F-11D3-BF4B-00C04F79EFBC}") = "PetShop.Infrastructure", "Src\PetShop.Infrastructure\PetShop.Infrastructure\PetShop.Infrastructure.csproj", "{C1607681-471E-40D4-BD55-0B2A908CF48A}"
EndProject
Project("{FAE04EC0-301F-11D3-BF4B-00C04F79EFBC}") = "PetShop.Persistence", "Src\PetShop.Infrastructure\PetShop.Persistence\PetShop.Persistence.csproj", "{A14BF52F-AAA7-4CE2-8B99-8CC2B1C4CAA7}"
EndProject
Project("{2150E333-8FDC-42A3-9474-1A3956D46DE8}") = "PetShop.Presentation", "PetShop.Presentation", "{F0920ACF-8032-4CF9-86F2-697E1780E8BC}"
EndProject
Project("{FAE04EC0-301F-11D3-BF4B-00C04F79EFBC}") = "EndPoint.Site", "Src\PetShop.Presentation\EndPoint.Site\EndPoint.Site.csproj", "{5C35B919-88DD-45C9-8E63-AEA055A7E997}"
EndProject
Global
	GlobalSection(SolutionConfigurationPlatforms) = preSolution
		Debug|Any CPU = Debug|Any CPU
		Release|Any CPU = Release|Any CPU
	EndGlobalSection
	GlobalSection(ProjectConfigurationPlatforms) = postSolution
		{589BF680-2F54-4E0F-A874-61CE9FFCD696}.Debug|Any CPU.ActiveCfg = Debug|Any CPU
		{589BF680-2F54-4E0F-A874-61CE9FFCD696}.Debug|Any CPU.Build.0 = Debug|Any CPU
		{589BF680-2F54-4E0F-A874-61CE9FFCD696}.Release|Any CPU.ActiveCfg = Release|Any CPU
		{589BF680-2F54-4E0F-A874-61CE9FFCD696}.Release|Any CPU.Build.0 = Release|Any CPU
		{EF90063E-7751-481C-B29E-9F6200A7655B}.Debug|Any CPU.ActiveCfg = Debug|Any CPU
		{EF90063E-7751-481C-B29E-9F6200A7655B}.Debug|Any CPU.Build.0 = Debug|Any CPU
		{EF90063E-7751-481C-B29E-9F6200A7655B}.Release|Any CPU.ActiveCfg = Release|Any CPU
		{EF90063E-7751-481C-B29E-9F6200A7655B}.Release|Any CPU.Build.0 = Release|Any CPU
		{214D9BFC-2FB6-43BB-9FB0-17FE4B1245C9}.Debug|Any CPU.ActiveCfg = Debug|Any CPU
		{214D9BFC-2FB6-43BB-9FB0-17FE4B1245C9}.Debug|Any CPU.Build.0 = Debug|Any CPU
		{214D9BFC-2FB6-43BB-9FB0-17FE4B1245C9}.Release|Any CPU.ActiveCfg = Release|Any CPU
		{214D9BFC-2FB6-43BB-9FB0-17FE4B1245C9}.Release|Any CPU.Build.0 = Release|Any CPU
		{C1607681-471E-40D4-BD55-0B2A908CF48A}.Debug|Any CPU.ActiveCfg = Debug|Any CPU
		{C1607681-471E-40D4-BD55-0B2A908CF48A}.Debug|Any CPU.Build.0 = Debug|Any CPU
		{C1607681-471E-40D4-BD55-0B2A908CF48A}.Release|Any CPU.ActiveCfg = Release|Any CPU
		{C1607681-471E-40D4-BD55-0B2A908CF48A}.Release|Any CPU.Build.0 = Release|Any CPU
		{A14BF52F-AAA7-4CE2-8B99-8CC2B1C4CAA7}.Debug|Any CPU.ActiveCfg = Debug|Any CPU
		{A14BF52F-AAA7-4CE2-8B99-8CC2B1C4CAA7}.Debug|Any CPU.Build.0 = Debug|Any CPU
		{A14BF52F-AAA7-4CE2-8B99-8CC2B1C4CAA7}.Release|Any CPU.ActiveCfg = Release|Any CPU
		{A14BF52F-AAA7-4CE2-8B99-8CC2B1C4CAA7}.Release|Any CPU.Build.0 = Release|Any CPU
		{5C35B919-88DD-45C9-8E63-AEA055A7E997}.Debug|Any CPU.ActiveCfg = Debug|Any CPU
		{5C35B919-88DD-45C9-8E63-AEA055A7E997}.Debug|Any CPU.Build.0 = Debug|Any CPU
		{5C35B919-88DD-45C9-8E63-AEA055A7E997}.Release|Any CPU.ActiveCfg = Release|Any CPU
		{5C35B919-88DD-45C9-8E63-AEA055A7E997}.Release|Any CPU.Build.0 = Release|Any CPU
	EndGlobalSection
	GlobalSection(SolutionProperties) = preSolution
		HideSolutionNode = FALSE
	EndGlobalSection
	GlobalSection(NestedProjects) = preSolution
		{1BD3A040-05F1-483A-8FBA-D291C533E921} = {C4B4907C-0963-48C3-8950-D0B2C09F2DCA}
		{589BF680-2F54-4E0F-A874-61CE9FFCD696} = {1BD3A040-05F1-483A-8FBA-D291C533E921}
		{FBC690B9-E338-4BDA-83BA-EF8DA2A877D8} = {C4B4907C-0963-48C3-8950-D0B2C09F2DCA}
		{EF90063E-7751-481C-B29E-9F6200A7655B} = {FBC690B9-E338-4BDA-83BA-EF8DA2A877D8}
		{214D9BFC-2FB6-43BB-9FB0-17FE4B1245C9} = {FBC690B9-E338-4BDA-83BA-EF8DA2A877D8}
		{659BC092-ABB9-414C-8491-474C5E6508F0} = {C4B4907C-0963-48C3-8950-D0B2C09F2DCA}
		{C1607681-471E-40D4-BD55-0B2A908CF48A} = {659BC092-ABB9-414C-8491-474C5E6508F0}
		{A14BF52F-AAA7-4CE2-8B99-8CC2B1C4CAA7} = {659BC092-ABB9-414C-8491-474C5E6508F0}
		{F0920ACF-8032-4CF9-86F2-697E1780E8BC} = {C4B4907C-0963-48C3-8950-D0B2C09F2DCA}
		{5C35B919-88DD-45C9-8E63-AEA055A7E997} = {F0920ACF-8032-4CF9-86F2-697E1780E8BC}
	EndGlobalSection
	GlobalSection(ExtensibilityGlobals) = postSolution
		SolutionGuid = {5033033F-84DB-4466-8459-E9B0C67E4993}
	EndGlobalSection
EndGlobal
